# This file is automatically @generated by Cargo.
# It is not intended for manual editing.
[[package]]
name = "libc"
version = "0.2.98"
source = "registry+https://github.com/rust-lang/crates.io-index"
checksum = "320cfe77175da3a483efed4bc0adc1968ca050b098ce4f2f1c13a56626128790"

[[package]]
name = "run-tests"
version = "1.0.0"
dependencies = [
 "sgx_types",
 "sgx_urts",
]

[[package]]
name = "sgx_types"
version = "1.1.2"
source = "git+https://github.com/apache/incubator-teaclave-sgx-sdk.git?tag=v1.1.2#8f065be7a442157bf16dc7106feb795ea1c578eb"

[[package]]
name = "sgx_urts"
version = "1.1.2"
source = "git+https://github.com/apache/incubator-teaclave-sgx-sdk.git?tag=v1.1.2#8f065be7a442157bf16dc7106feb795ea1c578eb"
dependencies = [
 "libc",
 "sgx_types",
]
