# This file is automatically @generated by Cargo.
# It is not intended for manual editing.
[[package]]
name = "aho-corasick"
version = "0.7.10"
dependencies = [
 "memchr",
 "sgx_tstd",
]

[[package]]
name = "autocfg"
version = "0.1.7"
source = "registry+https://github.com/rust-lang/crates.io-index"
checksum = "1d49d90015b3c36167a20fe2810c5cd875ad504b39cff3d4eae7977e6b7c1cb2"

[[package]]
name = "autocfg"
version = "1.0.1"
source = "registry+https://github.com/rust-lang/crates.io-index"
checksum = "cdb031dd78e28731d87d56cc8ffef4a8f36ca26c38fe2de700543e627f8a464a"

[[package]]
name = "base64"
version = "0.10.1"
source = "git+https://github.com/mesalock-linux/rust-base64-sgx?branch=v1.1.2-backup#cdc4f4ab79522f75e4d178c3dcc0b1f0770c6a86"
dependencies = [
 "sgx_tstd",
]

[[package]]
name = "byteorder"
version = "1.3.4"
source = "git+https://github.com/mesalock-linux/byteorder-sgx?branch=v1.1.2-backup#46ab71b0753dd29ec4f1b3834f78ae26cf47422e"
dependencies = [
 "sgx_tstd",
]

[[package]]
name = "bytes"
version = "0.5.4"
source = "git+https://github.com/mesalock-linux/bytes-sgx?branch=v1.1.2-backup#a653b10f67641750a6dfa302ef4242a64e6eeb5f"
dependencies = [
 "sgx_tstd",
]

[[package]]
name = "c2-chacha"
version = "0.2.3"
dependencies = [
 "byteorder",
 "ppv-lite86",
 "stream-cipher",
]

[[package]]
name = "cc"
version = "1.0.69"
source = "registry+https://github.com/rust-lang/crates.io-index"
checksum = "e70cc2f62c6ce1868963827bd677764c62d07c3d9a3e1fb1177ee1a9ab199eb2"

[[package]]
name = "cfg-if"
version = "0.1.10"
source = "registry+https://github.com/rust-lang/crates.io-index"
checksum = "4785bdd1c96b2a846b2bd7cc02e86b6b3dbf14e7e53446c4f54c92a361040822"

[[package]]
name = "eigen_crypto"
version = "0.1.0"
dependencies = [
 "bytes",
 "lazy_static",
 "num-bigint",
 "num-integer",
 "num-traits",
 "rand",
 "regex",
 "ring",
 "rust-base58",
 "rust-crypto",
 "serde",
 "serde_derive",
 "serde_json",
 "sgx_libc",
 "sgx_tstd",
 "untrusted 0.6.2",
]

[[package]]
name = "generic-array"
version = "0.12.4"
source = "registry+https://github.com/rust-lang/crates.io-index"
checksum = "ffdf9f34f1447443d37393cc6c2b8313aebddcd96906caf34e54c68d8e57d7bd"
dependencies = [
 "typenum",
]

[[package]]
name = "getrandom"
version = "0.1.14"
source = "git+https://github.com/mesalock-linux/getrandom-sgx?branch=v1.1.2-backup#66a998d6a06ef0a91a14921a322fe7fa621c6a6e"
dependencies = [
 "cfg-if",
 "sgx_libc",
 "sgx_trts",
 "sgx_tstd",
]

[[package]]
name = "hashbrown_tstd"
version = "0.7.1"
source = "git+https://github.com/apache/teaclave-sgx-sdk.git?rev=v1.1.2#8f065be7a442157bf16dc7106feb795ea1c578eb"
dependencies = [
 "autocfg 1.0.1",
]

[[package]]
name = "hex"
version = "0.4.0"
source = "git+https://github.com/mesalock-linux/rust-hex-sgx?branch=v1.1.2-backup#d7aad42d333c1346b6d3559b25036f43b906c3d5"
dependencies = [
 "sgx_tstd",
]

[[package]]
name = "itoa"
version = "0.4.5"
source = "git+https://github.com/mesalock-linux/itoa-sgx?branch=v1.1.2-backup#a49118cf1bc9ab4599c1f2b2cccc4f3f8c0ec38a"
dependencies = [
 "sgx_tstd",
]

[[package]]
name = "lazy_static"
version = "1.4.0"
source = "registry+https://github.com/rust-lang/crates.io-index"
checksum = "e2abad23fbc42b3700f2f279844dc832adb2b2eb069b2df918f455c4e18cc646"
dependencies = [
 "spin",
]

[[package]]
name = "memchr"
version = "2.2.1"
source = "git+https://github.com/mesalock-linux/rust-memchr-sgx?branch=v1.1.2-backup#44e36be54075a1afdf8180e443fd7f8cbd9d4c7b"
dependencies = [
 "sgx_libc",
 "sgx_tstd",
 "sgx_types",
]

[[package]]
name = "num"
version = "0.2.0"
dependencies = [
 "num-bigint",
 "num-complex",
 "num-integer",
 "num-iter",
 "num-rational",
 "num-traits",
]

[[package]]
name = "num-bigint"
version = "0.2.5"
dependencies = [
 "autocfg 1.0.1",
 "num-integer",
 "num-traits",
 "serde",
 "sgx_tstd",
]

[[package]]
name = "num-complex"
version = "0.2.3"
dependencies = [
 "autocfg 0.1.7",
 "num-traits",
 "sgx_tstd",
]

[[package]]
name = "num-integer"
version = "0.1.41"
dependencies = [
 "autocfg 0.1.7",
 "num-traits",
 "sgx_tstd",
]

[[package]]
name = "num-iter"
version = "0.1.39"
dependencies = [
 "num-integer",
 "num-traits",
 "sgx_tstd",
]

[[package]]
name = "num-rational"
version = "0.2.2"
dependencies = [
 "autocfg 0.1.7",
 "num-bigint",
 "num-integer",
 "num-traits",
 "sgx_tstd",
]

[[package]]
name = "num-traits"
version = "0.2.10"
source = "git+https://github.com/mesalock-linux/num-traits-sgx?branch=v1.1.2-backup#7551dca0b9f9fb86375bf1a84048d53f72d5ad79"
dependencies = [
 "autocfg 0.1.7",
 "sgx_tstd",
]

[[package]]
name = "ppv-lite86"
version = "0.2.6"
source = "git+https://github.com/mesalock-linux/cryptocorrosion-sgx?branch=v1.1.2-backup#b31e8668ee0d09678a239a01e6dbcad033e1197f"

[[package]]
name = "proc-macro2"
version = "1.0.27"
source = "registry+https://github.com/rust-lang/crates.io-index"
checksum = "f0d8caf72986c1a598726adc988bb5984792ef84f5ee5aa50209145ee8077038"
dependencies = [
 "unicode-xid",
]

[[package]]
name = "quote"
version = "1.0.9"
source = "registry+https://github.com/rust-lang/crates.io-index"
checksum = "c3d0b9745dc2debf507c8422de05d7226cc1f0644216dfdfead988f9b1ab32a7"
dependencies = [
 "proc-macro2",
]

[[package]]
name = "rand"
version = "0.7.3"
dependencies = [
 "getrandom",
 "rand_chacha",
 "rand_core",
 "sgx_tstd",
]

[[package]]
name = "rand_chacha"
version = "0.2.1"
dependencies = [
 "c2-chacha",
 "rand_core",
 "sgx_tstd",
]

[[package]]
name = "rand_core"
version = "0.5.1"
dependencies = [
 "getrandom",
 "sgx_tstd",
]

[[package]]
name = "regex"
version = "1.3.1"
dependencies = [
 "aho-corasick",
 "memchr",
 "regex-syntax",
 "sgx_tstd",
 "thread_local",
]

[[package]]
name = "regex-syntax"
version = "0.6.12"
dependencies = [
 "sgx_tstd",
]

[[package]]
name = "ring"
version = "0.16.11"
source = "git+https://github.com/mesalock-linux/ring-sgx?branch=v1.1.2-backup#f6e8f65c861d26f41470da932acb1dae9eef4e46"
dependencies = [
 "cc",
 "sgx_tstd",
 "spin",
 "untrusted 0.7.1",
]

[[package]]
name = "run-tests-enclave"
version = "1.0.0"
dependencies = [
 "base64",
 "eigen_crypto",
 "hex",
 "lazy_static",
 "rand",
 "serde",
 "serde_derive",
 "serde_json",
 "sgx_libc",
 "sgx_tcrypto",
 "sgx_tstd",
 "sgx_types",
 "untrusted 0.6.2",
]

[[package]]
name = "rust-base58"
version = "0.0.4"
dependencies = [
 "num",
 "sgx_tstd",
]

[[package]]
name = "rust-crypto"
version = "0.2.36"
dependencies = [
 "cc",
 "rustc-serialize",
 "sgx_rand",
 "sgx_tstd",
 "sgx_types",
]

[[package]]
name = "rustc-serialize"
version = "0.3.24"
source = "git+https://github.com/mesalock-linux/rustc-serialize-sgx?branch=v1.1.2-backup#b1e49a3008c6fafe74d07c068609d9c7552afc2d"
dependencies = [
 "sgx_tstd",
]

[[package]]
name = "ryu"
version = "1.0.5"
source = "registry+https://github.com/rust-lang/crates.io-index"
checksum = "71d301d4193d031abdd79ff7e3dd721168a9572ef3fe51a1517aba235bd8f86e"

[[package]]
name = "serde"
version = "1.0.106"
source = "git+https://github.com/mesalock-linux/serde-sgx?branch=v1.1.2-backup#fea47a7d42bb0c5678542a3418ab996121fb95c4"
dependencies = [
 "serde_derive",
 "sgx_tstd",
]

[[package]]
name = "serde_derive"
version = "1.0.106"
source = "git+https://github.com/mesalock-linux/serde-sgx?branch=v1.1.2-backup#fea47a7d42bb0c5678542a3418ab996121fb95c4"
dependencies = [
 "proc-macro2",
 "quote",
 "syn",
]

[[package]]
name = "serde_json"
version = "1.0.51"
dependencies = [
 "itoa",
 "ryu",
 "serde",
 "sgx_tstd",
]

[[package]]
name = "sgx_alloc"
version = "1.1.2"
source = "git+https://github.com/apache/teaclave-sgx-sdk.git?rev=v1.1.2#8f065be7a442157bf16dc7106feb795ea1c578eb"

[[package]]
name = "sgx_backtrace_sys"
version = "1.1.2"
source = "git+https://github.com/apache/teaclave-sgx-sdk.git?rev=v1.1.2#8f065be7a442157bf16dc7106feb795ea1c578eb"
dependencies = [
 "cc",
 "sgx_build_helper",
 "sgx_libc",
]

[[package]]
name = "sgx_build_helper"
version = "0.1.3"
source = "git+https://github.com/apache/teaclave-sgx-sdk.git?rev=v1.1.2#8f065be7a442157bf16dc7106feb795ea1c578eb"

[[package]]
name = "sgx_demangle"
version = "1.1.2"
source = "git+https://github.com/apache/teaclave-sgx-sdk.git?rev=v1.1.2#8f065be7a442157bf16dc7106feb795ea1c578eb"

[[package]]
name = "sgx_libc"
version = "1.1.2"
source = "git+https://github.com/apache/teaclave-sgx-sdk.git?rev=v1.1.2#8f065be7a442157bf16dc7106feb795ea1c578eb"
dependencies = [
 "sgx_types",
]

[[package]]
name = "sgx_rand"
version = "1.1.2"
source = "git+https://github.com/apache/teaclave-sgx-sdk.git?rev=v1.1.2#8f065be7a442157bf16dc7106feb795ea1c578eb"
dependencies = [
 "sgx_trts",
 "sgx_tstd",
 "sgx_types",
]

[[package]]
name = "sgx_tcrypto"
version = "1.1.2"
source = "git+https://github.com/apache/teaclave-sgx-sdk.git?rev=v1.1.2#8f065be7a442157bf16dc7106feb795ea1c578eb"
dependencies = [
 "sgx_types",
]

[[package]]
name = "sgx_tprotected_fs"
version = "1.1.2"
source = "git+https://github.com/apache/teaclave-sgx-sdk.git?rev=v1.1.2#8f065be7a442157bf16dc7106feb795ea1c578eb"
dependencies = [
 "sgx_trts",
 "sgx_types",
]

[[package]]
name = "sgx_trts"
version = "1.1.2"
source = "git+https://github.com/apache/teaclave-sgx-sdk.git?rev=v1.1.2#8f065be7a442157bf16dc7106feb795ea1c578eb"
dependencies = [
 "sgx_libc",
 "sgx_types",
]

[[package]]
name = "sgx_tstd"
version = "1.1.2"
source = "git+https://github.com/apache/teaclave-sgx-sdk.git?rev=v1.1.2#8f065be7a442157bf16dc7106feb795ea1c578eb"
dependencies = [
 "hashbrown_tstd",
 "sgx_alloc",
 "sgx_backtrace_sys",
 "sgx_demangle",
 "sgx_libc",
 "sgx_tprotected_fs",
 "sgx_trts",
 "sgx_types",
 "sgx_unwind",
]

[[package]]
name = "sgx_types"
version = "1.1.2"
source = "git+https://github.com/apache/teaclave-sgx-sdk.git?rev=v1.1.2#8f065be7a442157bf16dc7106feb795ea1c578eb"

[[package]]
name = "sgx_unwind"
version = "0.1.1"
source = "git+https://github.com/apache/teaclave-sgx-sdk.git?rev=v1.1.2#8f065be7a442157bf16dc7106feb795ea1c578eb"
dependencies = [
 "sgx_build_helper",
]

[[package]]
name = "spin"
version = "0.5.2"
source = "registry+https://github.com/rust-lang/crates.io-index"
checksum = "6e63cff320ae2c57904679ba7cb63280a3dc4613885beafb148ee7bf9aa9042d"

[[package]]
name = "stream-cipher"
version = "0.3.2"
source = "git+https://github.com/mesalock-linux/rustcrypto-traits-sgx?branch=v1.1.2-backup#1046ef3f5d20e6dc8030cca5e60faa37884c3814"
dependencies = [
 "generic-array",
]

[[package]]
name = "syn"
version = "1.0.73"
source = "registry+https://github.com/rust-lang/crates.io-index"
checksum = "f71489ff30030d2ae598524f61326b902466f72a0fb1a8564c001cc63425bcc7"
dependencies = [
 "proc-macro2",
 "quote",
 "unicode-xid",
]

[[package]]
name = "thread_local"
version = "1.0.0"
source = "git+https://github.com/mesalock-linux/thread_local-rs-sgx?branch=v1.1.2-backup#eb03eee1141108bef5b1e60631580c026d2408e8"
dependencies = [
 "lazy_static",
 "sgx_tstd",
]

[[package]]
name = "typenum"
version = "1.13.0"
source = "registry+https://github.com/rust-lang/crates.io-index"
checksum = "879f6906492a7cd215bfa4cf595b600146ccfac0c79bcbd1f3000162af5e8b06"

[[package]]
name = "unicode-xid"
version = "0.2.2"
source = "registry+https://github.com/rust-lang/crates.io-index"
checksum = "8ccb82d61f80a663efe1f787a51b16b5a51e3314d6ac365b08639f52387b33f3"

[[package]]
name = "untrusted"
version = "0.6.2"
source = "git+https://github.com/briansmith/untrusted?tag=ring-master#b06b39338091ac8abbf3b62b7fbf3c657de015fa"

[[package]]
name = "untrusted"
version = "0.7.1"
source = "registry+https://github.com/rust-lang/crates.io-index"
checksum = "a156c684c91ea7d62626509bce3cb4e1d9ed5c4d978f7b4352658f96a4c26b4a"
